// !$*UTF8*$!
{
	archiveVersion = 1;
	classes = {
	};
	objectVersion = 55;
	objects = {

/* Begin PBXBuildFile section */
		6FE9EE58296BFE070064B527 /* AppDelegate.swift in Sources */ = {isa = PBXBuildFile; fileRef = 6FE9EE57296BFE070064B527 /* AppDelegate.swift */; };
		6FE9EE5A296BFE070064B527 /* SceneDelegate.swift in Sources */ = {isa = PBXBuildFile; fileRef = 6FE9EE59296BFE070064B527 /* SceneDelegate.swift */; };
		6FE9EE5C296BFE070064B527 /* ViewController.swift in Sources */ = {isa = PBXBuildFile; fileRef = 6FE9EE5B296BFE070064B527 /* ViewController.swift */; };
		6FE9EE5F296BFE070064B527 /* Main.storyboard in Resources */ = {isa = PBXBuildFile; fileRef = 6FE9EE5D296BFE070064B527 /* Main.storyboard */; };
		6FE9EE61296BFE090064B527 /* Assets.xcassets in Resources */ = {isa = PBXBuildFile; fileRef = 6FE9EE60296BFE090064B527 /* Assets.xcassets */; };
		6FE9EE64296BFE090064B527 /* LaunchScreen.storyboard in Resources */ = {isa = PBXBuildFile; fileRef = 6FE9EE62296BFE090064B527 /* LaunchScreen.storyboard */; };
		6FE9EE6F296BFE090064B527 /* Assignment_Day1Tests.swift in Sources */ = {isa = PBXBuildFile; fileRef = 6FE9EE6E296BFE090064B527 /* Assignment_Day1Tests.swift */; };
		6FE9EE79296BFE090064B527 /* Assignment_Day1UITests.swift in Sources */ = {isa = PBXBuildFile; fileRef = 6FE9EE78296BFE090064B527 /* Assignment_Day1UITests.swift */; };
		6FE9EE7B296BFE090064B527 /* Assignment_Day1UITestsLaunchTests.swift in Sources */ = {isa = PBXBuildFile; fileRef = 6FE9EE7A296BFE090064B527 /* Assignment_Day1UITestsLaunchTests.swift */; };
		6FE9EE88296BFE3B0064B527 /* SortedSetTests.swift in Sources */ = {isa = PBXBuildFile; fileRef = 6FE9EE87296BFE3B0064B527 /* SortedSetTests.swift */; };
		6FE9EE8A296BFE620064B527 /* SortedSet.swift in Sources */ = {isa = PBXBuildFile; fileRef = 6FE9EE89296BFE620064B527 /* SortedSet.swift */; };
		6FE9EE8C296C0A220064B527 /* StackTests.swift in Sources */ = {isa = PBXBuildFile; fileRef = 6FE9EE8B296C0A220064B527 /* StackTests.swift */; };
		6FE9EE8E296C0AAF0064B527 /* Stack.swift in Sources */ = {isa = PBXBuildFile; fileRef = 6FE9EE8D296C0AAF0064B527 /* Stack.swift */; };
		6FE9EE90296C16570064B527 /* QueueTests.swift in Sources */ = {isa = PBXBuildFile; fileRef = 6FE9EE8F296C16570064B527 /* QueueTests.swift */; };
		6FE9EE92296C16920064B527 /* Queue.swift in Sources */ = {isa = PBXBuildFile; fileRef = 6FE9EE91296C16920064B527 /* Queue.swift */; };
/* End PBXBuildFile section */

/* Begin PBXContainerItemProxy section */
		6FE9EE6B296BFE090064B527 /* PBXContainerItemProxy */ = {
			isa = PBXContainerItemProxy;
			containerPortal = 6FE9EE4C296BFE070064B527 /* Project object */;
			proxyType = 1;
			remoteGlobalIDString = 6FE9EE53296BFE070064B527;
			remoteInfo = "Assignment-Day1";
		};
		6FE9EE75296BFE090064B527 /* PBXContainerItemProxy */ = {
			isa = PBXContainerItemProxy;
			containerPortal = 6FE9EE4C296BFE070064B527 /* Project object */;
			proxyType = 1;
			remoteGlobalIDString = 6FE9EE53296BFE070064B527;
			remoteInfo = "Assignment-Day1";
		};
/* End PBXContainerItemProxy section */

/* Begin PBXFileReference section */
		6FE9EE54296BFE070064B527 /* Assignment-Day1.app */ = {isa = PBXFileReference; explicitFileType = wrapper.application; includeInIndex = 0; path = "Assignment-Day1.app"; sourceTree = BUILT_PRODUCTS_DIR; };
		6FE9EE57296BFE070064B527 /* AppDelegate.swift */ = {isa = PBXFileReference; lastKnownFileType = sourcecode.swift; path = AppDelegate.swift; sourceTree = "<group>"; };
		6FE9EE59296BFE070064B527 /* SceneDelegate.swift */ = {isa = PBXFileReference; lastKnownFileType = sourcecode.swift; path = SceneDelegate.swift; sourceTree = "<group>"; };
		6FE9EE5B296BFE070064B527 /* ViewController.swift */ = {isa = PBXFileReference; lastKnownFileType = sourcecode.swift; path = ViewController.swift; sourceTree = "<group>"; };
		6FE9EE5E296BFE070064B527 /* Base */ = {isa = PBXFileReference; lastKnownFileType = file.storyboard; name = Base; path = Base.lproj/Main.storyboard; sourceTree = "<group>"; };
		6FE9EE60296BFE090064B527 /* Assets.xcassets */ = {isa = PBXFileReference; lastKnownFileType = folder.assetcatalog; path = Assets.xcassets; sourceTree = "<group>"; };
		6FE9EE63296BFE090064B527 /* Base */ = {isa = PBXFileReference; lastKnownFileType = file.storyboard; name = Base; path = Base.lproj/LaunchScreen.storyboard; sourceTree = "<group>"; };
		6FE9EE65296BFE090064B527 /* Info.plist */ = {isa = PBXFileReference; lastKnownFileType = text.plist.xml; path = Info.plist; sourceTree = "<group>"; };
		6FE9EE6A296BFE090064B527 /* Assignment-Day1Tests.xctest */ = {isa = PBXFileReference; explicitFileType = wrapper.cfbundle; includeInIndex = 0; path = "Assignment-Day1Tests.xctest"; sourceTree = BUILT_PRODUCTS_DIR; };
		6FE9EE6E296BFE090064B527 /* Assignment_Day1Tests.swift */ = {isa = PBXFileReference; lastKnownFileType = sourcecode.swift; path = Assignment_Day1Tests.swift; sourceTree = "<group>"; };
		6FE9EE74296BFE090064B527 /* Assignment-Day1UITests.xctest */ = {isa = PBXFileReference; explicitFileType = wrapper.cfbundle; includeInIndex = 0; path = "Assignment-Day1UITests.xctest"; sourceTree = BUILT_PRODUCTS_DIR; };
		6FE9EE78296BFE090064B527 /* Assignment_Day1UITests.swift */ = {isa = PBXFileReference; lastKnownFileType = sourcecode.swift; path = Assignment_Day1UITests.swift; sourceTree = "<group>"; };
		6FE9EE7A296BFE090064B527 /* Assignment_Day1UITestsLaunchTests.swift */ = {isa = PBXFileReference; lastKnownFileType = sourcecode.swift; path = Assignment_Day1UITestsLaunchTests.swift; sourceTree = "<group>"; };
		6FE9EE87296BFE3B0064B527 /* SortedSetTests.swift */ = {isa = PBXFileReference; lastKnownFileType = sourcecode.swift; path = SortedSetTests.swift; sourceTree = "<group>"; };
		6FE9EE89296BFE620064B527 /* SortedSet.swift */ = {isa = PBXFileReference; lastKnownFileType = sourcecode.swift; path = SortedSet.swift; sourceTree = "<group>"; };
		6FE9EE8B296C0A220064B527 /* StackTests.swift */ = {isa = PBXFileReference; lastKnownFileType = sourcecode.swift; path = StackTests.swift; sourceTree = "<group>"; };
		6FE9EE8D296C0AAF0064B527 /* Stack.swift */ = {isa = PBXFileReference; lastKnownFileType = sourcecode.swift; path = Stack.swift; sourceTree = "<group>"; };
		6FE9EE8F296C16570064B527 /* QueueTests.swift */ = {isa = PBXFileReference; lastKnownFileType = sourcecode.swift; path = QueueTests.swift; sourceTree = "<group>"; };
		6FE9EE91296C16920064B527 /* Queue.swift */ = {isa = PBXFileReference; lastKnownFileType = sourcecode.swift; path = Queue.swift; sourceTree = "<group>"; };
/* End PBXFileReference section */

/* Begin PBXFrameworksBuildPhase section */
		6FE9EE51296BFE070064B527 /* Frameworks */ = {
			isa = PBXFrameworksBuildPhase;
			buildActionMask = 2147483647;
			files = (
			);
			runOnlyForDeploymentPostprocessing = 0;
		};
		6FE9EE67296BFE090064B527 /* Frameworks */ = {
			isa = PBXFrameworksBuildPhase;
			buildActionMask = 2147483647;
			files = (
			);
			runOnlyForDeploymentPostprocessing = 0;
		};
		6FE9EE71296BFE090064B527 /* Frameworks */ = {
			isa = PBXFrameworksBuildPhase;
			buildActionMask = 2147483647;
			files = (
			);
			runOnlyForDeploymentPostprocessing = 0;
		};
/* End PBXFrameworksBuildPhase section */

/* Begin PBXGroup section */
		6FE9EE4B296BFE070064B527 = {
			isa = PBXGroup;
			children = (
				6FE9EE56296BFE070064B527 /* Assignment-Day1 */,
				6FE9EE6D296BFE090064B527 /* Assignment-Day1Tests */,
				6FE9EE77296BFE090064B527 /* Assignment-Day1UITests */,
				6FE9EE55296BFE070064B527 /* Products */,
			);
			sourceTree = "<group>";
		};
		6FE9EE55296BFE070064B527 /* Products */ = {
			isa = PBXGroup;
			children = (
				6FE9EE54296BFE070064B527 /* Assignment-Day1.app */,
				6FE9EE6A296BFE090064B527 /* Assignment-Day1Tests.xctest */,
				6FE9EE74296BFE090064B527 /* Assignment-Day1UITests.xctest */,
			);
			name = Products;
			sourceTree = "<group>";
		};
		6FE9EE56296BFE070064B527 /* Assignment-Day1 */ = {
			isa = PBXGroup;
			children = (
				6FE9EE57296BFE070064B527 /* AppDelegate.swift */,
				6FE9EE59296BFE070064B527 /* SceneDelegate.swift */,
				6FE9EE5B296BFE070064B527 /* ViewController.swift */,
				6FE9EE5D296BFE070064B527 /* Main.storyboard */,
				6FE9EE60296BFE090064B527 /* Assets.xcassets */,
				6FE9EE62296BFE090064B527 /* LaunchScreen.storyboard */,
				6FE9EE65296BFE090064B527 /* Info.plist */,
				6FE9EE89296BFE620064B527 /* SortedSet.swift */,
				6FE9EE8D296C0AAF0064B527 /* Stack.swift */,
				6FE9EE91296C16920064B527 /* Queue.swift */,
			);
			path = "Assignment-Day1";
			sourceTree = "<group>";
		};
		6FE9EE6D296BFE090064B527 /* Assignment-Day1Tests */ = {
			isa = PBXGroup;
			children = (
				6FE9EE6E296BFE090064B527 /* Assignment_Day1Tests.swift */,
				6FE9EE87296BFE3B0064B527 /* SortedSetTests.swift */,
				6FE9EE8B296C0A220064B527 /* StackTests.swift */,
				6FE9EE8F296C16570064B527 /* QueueTests.swift */,
			);
			path = "Assignment-Day1Tests";
			sourceTree = "<group>";
		};
		6FE9EE77296BFE090064B527 /* Assignment-Day1UITests */ = {
			isa = PBXGroup;
			children = (
				6FE9EE78296BFE090064B527 /* Assignment_Day1UITests.swift */,
				6FE9EE7A296BFE090064B527 /* Assignment_Day1UITestsLaunchTests.swift */,
			);
			path = "Assignment-Day1UITests";
			sourceTree = "<group>";
		};
/* End PBXGroup section */

/* Begin PBXNativeTarget section */
		6FE9EE53296BFE070064B527 /* Assignment-Day1 */ = {
			isa = PBXNativeTarget;
			buildConfigurationList = 6FE9EE7E296BFE090064B527 /* Build configuration list for PBXNativeTarget "Assignment-Day1" */;
			buildPhases = (
				6FE9EE50296BFE070064B527 /* Sources */,
				6FE9EE51296BFE070064B527 /* Frameworks */,
				6FE9EE52296BFE070064B527 /* Resources */,
			);
			buildRules = (
			);
			dependencies = (
			);
			name = "Assignment-Day1";
			productName = "Assignment-Day1";
			productReference = 6FE9EE54296BFE070064B527 /* Assignment-Day1.app */;
			productType = "com.apple.product-type.application";
		};
		6FE9EE69296BFE090064B527 /* Assignment-Day1Tests */ = {
			isa = PBXNativeTarget;
			buildConfigurationList = 6FE9EE81296BFE090064B527 /* Build configuration list for PBXNativeTarget "Assignment-Day1Tests" */;
			buildPhases = (
				6FE9EE66296BFE090064B527 /* Sources */,
				6FE9EE67296BFE090064B527 /* Frameworks */,
				6FE9EE68296BFE090064B527 /* Resources */,
			);
			buildRules = (
			);
			dependencies = (
				6FE9EE6C296BFE090064B527 /* PBXTargetDependency */,
			);
			name = "Assignment-Day1Tests";
			productName = "Assignment-Day1Tests";
			productReference = 6FE9EE6A296BFE090064B527 /* Assignment-Day1Tests.xctest */;
			productType = "com.apple.product-type.bundle.unit-test";
		};
		6FE9EE73296BFE090064B527 /* Assignment-Day1UITests */ = {
			isa = PBXNativeTarget;
			buildConfigurationList = 6FE9EE84296BFE090064B527 /* Build configuration list for PBXNativeTarget "Assignment-Day1UITests" */;
			buildPhases = (
				6FE9EE70296BFE090064B527 /* Sources */,
				6FE9EE71296BFE090064B527 /* Frameworks */,
				6FE9EE72296BFE090064B527 /* Resources */,
			);
			buildRules = (
			);
			dependencies = (
				6FE9EE76296BFE090064B527 /* PBXTargetDependency */,
			);
			name = "Assignment-Day1UITests";
			productName = "Assignment-Day1UITests";
			productReference = 6FE9EE74296BFE090064B527 /* Assignment-Day1UITests.xctest */;
			productType = "com.apple.product-type.bundle.ui-testing";
		};
/* End PBXNativeTarget section */

/* Begin PBXProject section */
		6FE9EE4C296BFE070064B527 /* Project object */ = {
			isa = PBXProject;
			attributes = {
				BuildIndependentTargetsInParallel = 1;
				LastSwiftUpdateCheck = 1340;
				LastUpgradeCheck = 1340;
				TargetAttributes = {
					6FE9EE53296BFE070064B527 = {
						CreatedOnToolsVersion = 13.4.1;
					};
					6FE9EE69296BFE090064B527 = {
						CreatedOnToolsVersion = 13.4.1;
						TestTargetID = 6FE9EE53296BFE070064B527;
					};
					6FE9EE73296BFE090064B527 = {
						CreatedOnToolsVersion = 13.4.1;
						TestTargetID = 6FE9EE53296BFE070064B527;
					};
				};
			};
			buildConfigurationList = 6FE9EE4F296BFE070064B527 /* Build configuration list for PBXProject "Assignment-Day1" */;
			compatibilityVersion = "Xcode 13.0";
			developmentRegion = en;
			hasScannedForEncodings = 0;
			knownRegions = (
				en,
				Base,
			);
			mainGroup = 6FE9EE4B296BFE070064B527;
			productRefGroup = 6FE9EE55296BFE070064B527 /* Products */;
			projectDirPath = "";
			projectRoot = "";
			targets = (
				6FE9EE53296BFE070064B527 /* Assignment-Day1 */,
				6FE9EE69296BFE090064B527 /* Assignment-Day1Tests */,
				6FE9EE73296BFE090064B527 /* Assignment-Day1UITests */,
			);
		};
/* End PBXProject section */

/* Begin PBXResourcesBuildPhase section */
		6FE9EE52296BFE070064B527 /* Resources */ = {
			isa = PBXResourcesBuildPhase;
			buildActionMask = 2147483647;
			files = (
				6FE9EE64296BFE090064B527 /* LaunchScreen.storyboard in Resources */,
				6FE9EE61296BFE090064B527 /* Assets.xcassets in Resources */,
				6FE9EE5F296BFE070064B527 /* Main.storyboard in Resources */,
			);
			runOnlyForDeploymentPostprocessing = 0;
		};
		6FE9EE68296BFE090064B527 /* Resources */ = {
			isa = PBXResourcesBuildPhase;
			buildActionMask = 2147483647;
			files = (
			);
			runOnlyForDeploymentPostprocessing = 0;
		};
		6FE9EE72296BFE090064B527 /* Resources */ = {
			isa = PBXResourcesBuildPhase;
			buildActionMask = 2147483647;
			files = (
			);
			runOnlyForDeploymentPostprocessing = 0;
		};
/* End PBXResourcesBuildPhase section */

/* Begin PBXSourcesBuildPhase section */
		6FE9EE50296BFE070064B527 /* Sources */ = {
			isa = PBXSourcesBuildPhase;
			buildActionMask = 2147483647;
			files = (
				6FE9EE5C296BFE070064B527 /* ViewController.swift in Sources */,
				6FE9EE92296C16920064B527 /* Queue.swift in Sources */,
				6FE9EE8E296C0AAF0064B527 /* Stack.swift in Sources */,
				6FE9EE58296BFE070064B527 /* AppDelegate.swift in Sources */,
				6FE9EE5A296BFE070064B527 /* SceneDelegate.swift in Sources */,
				6FE9EE8A296BFE620064B527 /* SortedSet.swift in Sources */,
			);
			runOnlyForDeploymentPostprocessing = 0;
		};
		6FE9EE66296BFE090064B527 /* Sources */ = {
			isa = PBXSourcesBuildPhase;
			buildActionMask = 2147483647;
			files = (
				6FE9EE6F296BFE090064B527 /* Assignment_Day1Tests.swift in Sources */,
				6FE9EE88296BFE3B0064B527 /* SortedSetTests.swift in Sources */,
				6FE9EE8C296C0A220064B527 /* StackTests.swift in Sources */,
				6FE9EE90296C16570064B527 /* QueueTests.swift in Sources */,
			);
			runOnlyForDeploymentPostprocessing = 0;
		};
		6FE9EE70296BFE090064B527 /* Sources */ = {
			isa = PBXSourcesBuildPhase;
			buildActionMask = 2147483647;
			files = (
				6FE9EE7B296BFE090064B527 /* Assignment_Day1UITestsLaunchTests.swift in Sources */,
				6FE9EE79296BFE090064B527 /* Assignment_Day1UITests.swift in Sources */,
			);
			runOnlyForDeploymentPostprocessing = 0;
		};
/* End PBXSourcesBuildPhase section */

/* Begin PBXTargetDependency section */
		6FE9EE6C296BFE090064B527 /* PBXTargetDependency */ = {
			isa = PBXTargetDependency;
			target = 6FE9EE53296BFE070064B527 /* Assignment-Day1 */;
			targetProxy = 6FE9EE6B296BFE090064B527 /* PBXContainerItemProxy */;
		};
		6FE9EE76296BFE090064B527 /* PBXTargetDependency */ = {
			isa = PBXTargetDependency;
			target = 6FE9EE53296BFE070064B527 /* Assignment-Day1 */;
			targetProxy = 6FE9EE75296BFE090064B527 /* PBXContainerItemProxy */;
		};
/* End PBXTargetDependency section */

/* Begin PBXVariantGroup section */
		6FE9EE5D296BFE070064B527 /* Main.storyboard */ = {
			isa = PBXVariantGroup;
			children = (
				6FE9EE5E296BFE070064B527 /* Base */,
			);
			name = Main.storyboard;
			sourceTree = "<group>";
		};
		6FE9EE62296BFE090064B527 /* LaunchScreen.storyboard */ = {
			isa = PBXVariantGroup;
			children = (
				6FE9EE63296BFE090064B527 /* Base */,
			);
			name = LaunchScreen.storyboard;
			sourceTree = "<group>";
		};
/* End PBXVariantGroup section */

/* Begin XCBuildConfiguration section */
		6FE9EE7C296BFE090064B527 /* Debug */ = {
			isa = XCBuildConfiguration;
			buildSettings = {
				ALWAYS_SEARCH_USER_PATHS = NO;
				CLANG_ANALYZER_NONNULL = YES;
				CLANG_ANALYZER_NUMBER_OBJECT_CONVERSION = YES_AGGRESSIVE;
				CLANG_CXX_LANGUAGE_STANDARD = "gnu++17";
				CLANG_ENABLE_MODULES = YES;
				CLANG_ENABLE_OBJC_ARC = YES;
				CLANG_ENABLE_OBJC_WEAK = YES;
				CLANG_WARN_BLOCK_CAPTURE_AUTORELEASING = YES;
				CLANG_WARN_BOOL_CONVERSION = YES;
				CLANG_WARN_COMMA = YES;
				CLANG_WARN_CONSTANT_CONVERSION = YES;
				CLANG_WARN_DEPRECATED_OBJC_IMPLEMENTATIONS = YES;
				CLANG_WARN_DIRECT_OBJC_ISA_USAGE = YES_ERROR;
				CLANG_WARN_DOCUMENTATION_COMMENTS = YES;
				CLANG_WARN_EMPTY_BODY = YES;
				CLANG_WARN_ENUM_CONVERSION = YES;
				CLANG_WARN_INFINITE_RECURSION = YES;
				CLANG_WARN_INT_CONVERSION = YES;
				CLANG_WARN_NON_LITERAL_NULL_CONVERSION = YES;
				CLANG_WARN_OBJC_IMPLICIT_RETAIN_SELF = YES;
				CLANG_WARN_OBJC_LITERAL_CONVERSION = YES;
				CLANG_WARN_OBJC_ROOT_CLASS = YES_ERROR;
				CLANG_WARN_QUOTED_INCLUDE_IN_FRAMEWORK_HEADER = YES;
				CLANG_WARN_RANGE_LOOP_ANALYSIS = YES;
				CLANG_WARN_STRICT_PROTOTYPES = YES;
				CLANG_WARN_SUSPICIOUS_MOVE = YES;
				CLANG_WARN_UNGUARDED_AVAILABILITY = YES_AGGRESSIVE;
				CLANG_WARN_UNREACHABLE_CODE = YES;
				CLANG_WARN__DUPLICATE_METHOD_MATCH = YES;
				COPY_PHASE_STRIP = NO;
				DEBUG_INFORMATION_FORMAT = dwarf;
				ENABLE_STRICT_OBJC_MSGSEND = YES;
				ENABLE_TESTABILITY = YES;
				GCC_C_LANGUAGE_STANDARD = gnu11;
				GCC_DYNAMIC_NO_PIC = NO;
				GCC_NO_COMMON_BLOCKS = YES;
				GCC_OPTIMIZATION_LEVEL = 0;
				GCC_PREPROCESSOR_DEFINITIONS = (
					"DEBUG=1",
					"$(inherited)",
				);
				GCC_WARN_64_TO_32_BIT_CONVERSION = YES;
				GCC_WARN_ABOUT_RETURN_TYPE = YES_ERROR;
				GCC_WARN_UNDECLARED_SELECTOR = YES;
				GCC_WARN_UNINITIALIZED_AUTOS = YES_AGGRESSIVE;
				GCC_WARN_UNUSED_FUNCTION = YES;
				GCC_WARN_UNUSED_VARIABLE = YES;
				IPHONEOS_DEPLOYMENT_TARGET = 15.5;
				MTL_ENABLE_DEBUG_INFO = INCLUDE_SOURCE;
				MTL_FAST_MATH = YES;
				ONLY_ACTIVE_ARCH = YES;
				SDKROOT = iphoneos;
				SWIFT_ACTIVE_COMPILATION_CONDITIONS = DEBUG;
				SWIFT_OPTIMIZATION_LEVEL = "-Onone";
			};
			name = Debug;
		};
		6FE9EE7D296BFE090064B527 /* Release */ = {
			isa = XCBuildConfiguration;
			buildSettings = {
				ALWAYS_SEARCH_USER_PATHS = NO;
				CLANG_ANALYZER_NONNULL = YES;
				CLANG_ANALYZER_NUMBER_OBJECT_CONVERSION = YES_AGGRESSIVE;
				CLANG_CXX_LANGUAGE_STANDARD = "gnu++17";
				CLANG_ENABLE_MODULES = YES;
				CLANG_ENABLE_OBJC_ARC = YES;
				CLANG_ENABLE_OBJC_WEAK = YES;
				CLANG_WARN_BLOCK_CAPTURE_AUTORELEASING = YES;
				CLANG_WARN_BOOL_CONVERSION = YES;
				CLANG_WARN_COMMA = YES;
				CLANG_WARN_CONSTANT_CONVERSION = YES;
				CLANG_WARN_DEPRECATED_OBJC_IMPLEMENTATIONS = YES;
				CLANG_WARN_DIRECT_OBJC_ISA_USAGE = YES_ERROR;
				CLANG_WARN_DOCUMENTATION_COMMENTS = YES;
				CLANG_WARN_EMPTY_BODY = YES;
				CLANG_WARN_ENUM_CONVERSION = YES;
				CLANG_WARN_INFINITE_RECURSION = YES;
				CLANG_WARN_INT_CONVERSION = YES;
				CLANG_WARN_NON_LITERAL_NULL_CONVERSION = YES;
				CLANG_WARN_OBJC_IMPLICIT_RETAIN_SELF = YES;
				CLANG_WARN_OBJC_LITERAL_CONVERSION = YES;
				CLANG_WARN_OBJC_ROOT_CLASS = YES_ERROR;
				CLANG_WARN_QUOTED_INCLUDE_IN_FRAMEWORK_HEADER = YES;
				CLANG_WARN_RANGE_LOOP_ANALYSIS = YES;
				CLANG_WARN_STRICT_PROTOTYPES = YES;
				CLANG_WARN_SUSPICIOUS_MOVE = YES;
				CLANG_WARN_UNGUARDED_AVAILABILITY = YES_AGGRESSIVE;
				CLANG_WARN_UNREACHABLE_CODE = YES;
				CLANG_WARN__DUPLICATE_METHOD_MATCH = YES;
				COPY_PHASE_STRIP = NO;
				DEBUG_INFORMATION_FORMAT = "dwarf-with-dsym";
				ENABLE_NS_ASSERTIONS = NO;
				ENABLE_STRICT_OBJC_MSGSEND = YES;
				GCC_C_LANGUAGE_STANDARD = gnu11;
				GCC_NO_COMMON_BLOCKS = YES;
				GCC_WARN_64_TO_32_BIT_CONVERSION = YES;
				GCC_WARN_ABOUT_RETURN_TYPE = YES_ERROR;
				GCC_WARN_UNDECLARED_SELECTOR = YES;
				GCC_WARN_UNINITIALIZED_AUTOS = YES_AGGRESSIVE;
				GCC_WARN_UNUSED_FUNCTION = YES;
				GCC_WARN_UNUSED_VARIABLE = YES;
				IPHONEOS_DEPLOYMENT_TARGET = 15.5;
				MTL_ENABLE_DEBUG_INFO = NO;
				MTL_FAST_MATH = YES;
				SDKROOT = iphoneos;
				SWIFT_COMPILATION_MODE = wholemodule;
				SWIFT_OPTIMIZATION_LEVEL = "-O";
				VALIDATE_PRODUCT = YES;
			};
			name = Release;
		};
		6FE9EE7F296BFE090064B527 /* Debug */ = {
			isa = XCBuildConfiguration;
			buildSettings = {
				ASSETCATALOG_COMPILER_APPICON_NAME = AppIcon;
				ASSETCATALOG_COMPILER_GLOBAL_ACCENT_COLOR_NAME = AccentColor;
				CODE_SIGN_STYLE = Automatic;
				CURRENT_PROJECT_VERSION = 1;
				GENERATE_INFOPLIST_FILE = YES;
				INFOPLIST_FILE = "Assignment-Day1/Info.plist";
				INFOPLIST_KEY_UIApplicationSupportsIndirectInputEvents = YES;
				INFOPLIST_KEY_UILaunchStoryboardName = LaunchScreen;
				INFOPLIST_KEY_UIMainStoryboardFile = Main;
				INFOPLIST_KEY_UISupportedInterfaceOrientations_iPad = "UIInterfaceOrientationPortrait UIInterfaceOrientationPortraitUpsideDown UIInterfaceOrientationLandscapeLeft UIInterfaceOrientationLandscapeRight";
				INFOPLIST_KEY_UISupportedInterfaceOrientations_iPhone = "UIInterfaceOrientationPortrait UIInterfaceOrientationLandscapeLeft UIInterfaceOrientationLandscapeRight";
				LD_RUNPATH_SEARCH_PATHS = (
					"$(inherited)",
					"@executable_path/Frameworks",
				);
				MARKETING_VERSION = 1.0;
				PRODUCT_BUNDLE_IDENTIFIER = "com.samrat.Assignment-Day1";
				PRODUCT_NAME = "$(TARGET_NAME)";
				SWIFT_EMIT_LOC_STRINGS = YES;
				SWIFT_VERSION = 5.0;
				TARGETED_DEVICE_FAMILY = "1,2";
			};
			name = Debug;
		};
		6FE9EE80296BFE090064B527 /* Release */ = {
			isa = XCBuildConfiguration;
			buildSettings = {
				ASSETCATALOG_COMPILER_APPICON_NAME = AppIcon;
				ASSETCATALOG_COMPILER_GLOBAL_ACCENT_COLOR_NAME = AccentColor;
				CODE_SIGN_STYLE = Automatic;
				CURRENT_PROJECT_VERSION = 1;
				GENERATE_INFOPLIST_FILE = YES;
				INFOPLIST_FILE = "Assignment-Day1/Info.plist";
				INFOPLIST_KEY_UIApplicationSupportsIndirectInputEvents = YES;
				INFOPLIST_KEY_UILaunchStoryboardName = LaunchScreen;
				INFOPLIST_KEY_UIMainStoryboardFile = Main;
				INFOPLIST_KEY_UISupportedInterfaceOrientations_iPad = "UIInterfaceOrientationPortrait UIInterfaceOrientationPortraitUpsideDown UIInterfaceOrientationLandscapeLeft UIInterfaceOrientationLandscapeRight";
				INFOPLIST_KEY_UISupportedInterfaceOrientations_iPhone = "UIInterfaceOrientationPortrait UIInterfaceOrientationLandscapeLeft UIInterfaceOrientationLandscapeRight";
				LD_RUNPATH_SEARCH_PATHS = (
					"$(inherited)",
					"@executable_path/Frameworks",
				);
				MARKETING_VERSION = 1.0;
				PRODUCT_BUNDLE_IDENTIFIER = "com.samrat.Assignment-Day1";
				PRODUCT_NAME = "$(TARGET_NAME)";
				SWIFT_EMIT_LOC_STRINGS = YES;
				SWIFT_VERSION = 5.0;
				TARGETED_DEVICE_FAMILY = "1,2";
			};
			name = Release;
		};
		6FE9EE82296BFE090064B527 /* Debug */ = {
			isa = XCBuildConfiguration;
			buildSettings = {
				ALWAYS_EMBED_SWIFT_STANDARD_LIBRARIES = YES;
				BUNDLE_LOADER = "$(TEST_HOST)";
				CODE_SIGN_STYLE = Automatic;
				CURRENT_PROJECT_VERSION = 1;
				GENERATE_INFOPLIST_FILE = YES;
				IPHONEOS_DEPLOYMENT_TARGET = 15.5;
				MARKETING_VERSION = 1.0;
				PRODUCT_BUNDLE_IDENTIFIER = "com.samrat.Assignment-Day1Tests";
				PRODUCT_NAME = "$(TARGET_NAME)";
				SWIFT_EMIT_LOC_STRINGS = NO;
				SWIFT_VERSION = 5.0;
				TARGETED_DEVICE_FAMILY = "1,2";
				TEST_HOST = "$(BUILT_PRODUCTS_DIR)/Assignment-Day1.app/Assignment-Day1";
			};
			name = Debug;
		};
		6FE9EE83296BFE090064B527 /* Release */ = {
			isa = XCBuildConfiguration;
			buildSettings = {
				ALWAYS_EMBED_SWIFT_STANDARD_LIBRARIES = YES;
				BUNDLE_LOADER = "$(TEST_HOST)";
				CODE_SIGN_STYLE = Automatic;
				CURRENT_PROJECT_VERSION = 1;
				GENERATE_INFOPLIST_FILE = YES;
				IPHONEOS_DEPLOYMENT_TARGET = 15.5;
				MARKETING_VERSION = 1.0;
				PRODUCT_BUNDLE_IDENTIFIER = "com.samrat.Assignment-Day1Tests";
				PRODUCT_NAME = "$(TARGET_NAME)";
				SWIFT_EMIT_LOC_STRINGS = NO;
				SWIFT_VERSION = 5.0;
				TARGETED_DEVICE_FAMILY = "1,2";
				TEST_HOST = "$(BUILT_PRODUCTS_DIR)/Assignment-Day1.app/Assignment-Day1";
			};
			name = Release;
		};
		6FE9EE85296BFE090064B527 /* Debug */ = {
			isa = XCBuildConfiguration;
			buildSettings = {
				ALWAYS_EMBED_SWIFT_STANDARD_LIBRARIES = YES;
				CODE_SIGN_STYLE = Automatic;
				CURRENT_PROJECT_VERSION = 1;
				GENERATE_INFOPLIST_FILE = YES;
				MARKETING_VERSION = 1.0;
				PRODUCT_BUNDLE_IDENTIFIER = "com.samrat.Assignment-Day1UITests";
				PRODUCT_NAME = "$(TARGET_NAME)";
				SWIFT_EMIT_LOC_STRINGS = NO;
				SWIFT_VERSION = 5.0;
				TARGETED_DEVICE_FAMILY = "1,2";
				TEST_TARGET_NAME = "Assignment-Day1";
			};
			name = Debug;
		};
		6FE9EE86296BFE090064B527 /* Release */ = {
			isa = XCBuildConfiguration;
			buildSettings = {
				ALWAYS_EMBED_SWIFT_STANDARD_LIBRARIES = YES;
				CODE_SIGN_STYLE = Automatic;
				CURRENT_PROJECT_VERSION = 1;
				GENERATE_INFOPLIST_FILE = YES;
				MARKETING_VERSION = 1.0;
				PRODUCT_BUNDLE_IDENTIFIER = "com.samrat.Assignment-Day1UITests";
				PRODUCT_NAME = "$(TARGET_NAME)";
				SWIFT_EMIT_LOC_STRINGS = NO;
				SWIFT_VERSION = 5.0;
				TARGETED_DEVICE_FAMILY = "1,2";
				TEST_TARGET_NAME = "Assignment-Day1";
			};
			name = Release;
		};
/* End XCBuildConfiguration section */

/* Begin XCConfigurationList section */
		6FE9EE4F296BFE070064B527 /* Build configuration list for PBXProject "Assignment-Day1" */ = {
			isa = XCConfigurationList;
			buildConfigurations = (
				6FE9EE7C296BFE090064B527 /* Debug */,
				6FE9EE7D296BFE090064B527 /* Release */,
			);
			defaultConfigurationIsVisible = 0;
			defaultConfigurationName = Release;
		};
		6FE9EE7E296BFE090064B527 /* Build configuration list for PBXNativeTarget "Assignment-Day1" */ = {
			isa = XCConfigurationList;
			buildConfigurations = (
				6FE9EE7F296BFE090064B527 /* Debug */,
				6FE9EE80296BFE090064B527 /* Release */,
			);
			defaultConfigurationIsVisible = 0;
			defaultConfigurationName = Release;
		};
		6FE9EE81296BFE090064B527 /* Build configuration list for PBXNativeTarget "Assignment-Day1Tests" */ = {
			isa = XCConfigurationList;
			buildConfigurations = (
				6FE9EE82296BFE090064B527 /* Debug */,
				6FE9EE83296BFE090064B527 /* Release */,
			);
			defaultConfigurationIsVisible = 0;
			defaultConfigurationName = Release;
		};
		6FE9EE84296BFE090064B527 /* Build configuration list for PBXNativeTarget "Assignment-Day1UITests" */ = {
			isa = XCConfigurationList;
			buildConfigurations = (
				6FE9EE85296BFE090064B527 /* Debug */,
				6FE9EE86296BFE090064B527 /* Release */,
			);
			defaultConfigurationIsVisible = 0;
			defaultConfigurationName = Release;
		};
/* End XCConfigurationList section */
	};
	rootObject = 6FE9EE4C296BFE070064B527 /* Project object */;
}
